
Microsoft Visual Studio Solution File, Format Version 12.00
# Visual Studio Version 17
VisualStudioVersion = 17.6.33815.320
MinimumVisualStudioVersion = 10.0.40219.1
Project("{FAE04EC0-301F-11D3-BF4B-00C04F79EFBC}") = "kikelet_panzio", "kikelet_panzio\kikelet_panzio.csproj", "{11B31892-D2DC-4D38-998A-1FD25F5E8EC3}"
EndProject
Global
	GlobalSection(SolutionConfigurationPlatforms) = preSolution
		Debug|Any CPU = Debug|Any CPU
		Release|Any CPU = Release|Any CPU
	EndGlobalSection
	GlobalSection(ProjectConfigurationPlatforms) = postSolution
		{11B31892-D2DC-4D38-998A-1FD25F5E8EC3}.Debug|Any CPU.ActiveCfg = Debug|Any CPU
		{11B31892-D2DC-4D38-998A-1FD25F5E8EC3}.Debug|Any CPU.Build.0 = Debug|Any CPU
		{11B31892-D2DC-4D38-998A-1FD25F5E8EC3}.Release|Any CPU.ActiveCfg = Release|Any CPU
		{11B31892-D2DC-4D38-998A-1FD25F5E8EC3}.Release|Any CPU.Build.0 = Release|Any CPU
	EndGlobalSection
	GlobalSection(SolutionProperties) = preSolution
		HideSolutionNode = FALSE
	EndGlobalSection
	GlobalSection(ExtensibilityGlobals) = postSolution
		SolutionGuid = {EB22A3EE-0765-4DFF-86FF-EF11C55F5B48}
	EndGlobalSection
EndGlobal
